
Microsoft Visual Studio Solution File, Format Version 12.00
# Visual Studio Version 17
VisualStudioVersion = 17.5.002.0
MinimumVisualStudioVersion = 10.0.40219.1
Project("{2150E333-8FDC-42A3-9474-1A3956D46DE8}") = "messageQueuing", "messageQueuing", "{18EA6533-2A52-44BF-9452-1F07794B418F}"
EndProject
Project("{9A19103F-16F7-4668-BE54-9A1E7A4F7556}") = "Consumer", "messageQueuing\Consumer\Consumer.csproj", "{A799E4FD-0AE4-40C2-BED3-0685E622423E}"
EndProject
Project("{9A19103F-16F7-4668-BE54-9A1E7A4F7556}") = "Producer", "messageQueuing\Producer\Producer.csproj", "{E7F88A52-5A32-47F5-8632-A4F048F609F6}"
EndProject
Global
	GlobalSection(SolutionConfigurationPlatforms) = preSolution
		Debug|Any CPU = Debug|Any CPU
		Release|Any CPU = Release|Any CPU
	EndGlobalSection
	GlobalSection(ProjectConfigurationPlatforms) = postSolution
		{A799E4FD-0AE4-40C2-BED3-0685E622423E}.Debug|Any CPU.ActiveCfg = Debug|Any CPU
		{A799E4FD-0AE4-40C2-BED3-0685E622423E}.Debug|Any CPU.Build.0 = Debug|Any CPU
		{A799E4FD-0AE4-40C2-BED3-0685E622423E}.Release|Any CPU.ActiveCfg = Release|Any CPU
		{A799E4FD-0AE4-40C2-BED3-0685E622423E}.Release|Any CPU.Build.0 = Release|Any CPU
		{E7F88A52-5A32-47F5-8632-A4F048F609F6}.Debug|Any CPU.ActiveCfg = Debug|Any CPU
		{E7F88A52-5A32-47F5-8632-A4F048F609F6}.Debug|Any CPU.Build.0 = Debug|Any CPU
		{E7F88A52-5A32-47F5-8632-A4F048F609F6}.Release|Any CPU.ActiveCfg = Release|Any CPU
		{E7F88A52-5A32-47F5-8632-A4F048F609F6}.Release|Any CPU.Build.0 = Release|Any CPU
	EndGlobalSection
	GlobalSection(SolutionProperties) = preSolution
		HideSolutionNode = FALSE
	EndGlobalSection
	GlobalSection(NestedProjects) = preSolution
		{A799E4FD-0AE4-40C2-BED3-0685E622423E} = {18EA6533-2A52-44BF-9452-1F07794B418F}
		{E7F88A52-5A32-47F5-8632-A4F048F609F6} = {18EA6533-2A52-44BF-9452-1F07794B418F}
	EndGlobalSection
	GlobalSection(ExtensibilityGlobals) = postSolution
		SolutionGuid = {172497BE-1D46-4F3F-82D1-C01D78EC4DE6}
	EndGlobalSection
EndGlobal
